// !$*UTF8*$!
{
	archiveVersion = 1;
	classes = {
	};
	objectVersion = 56;
	objects = {

/* Begin PBXBuildFile section */
		A25DA6172AA4835800FE230D /* AppDelegate.swift in Sources */ = {isa = PBXBuildFile; fileRef = A25DA6162AA4835800FE230D /* AppDelegate.swift */; };
		A25DA6192AA4835800FE230D /* SceneDelegate.swift in Sources */ = {isa = PBXBuildFile; fileRef = A25DA6182AA4835800FE230D /* SceneDelegate.swift */; };
		A25DA61B2AA4835800FE230D /* ViewController.swift in Sources */ = {isa = PBXBuildFile; fileRef = A25DA61A2AA4835800FE230D /* ViewController.swift */; };
		A25DA61E2AA4835800FE230D /* Main.storyboard in Resources */ = {isa = PBXBuildFile; fileRef = A25DA61C2AA4835800FE230D /* Main.storyboard */; };
		A25DA6202AA4835B00FE230D /* Assets.xcassets in Resources */ = {isa = PBXBuildFile; fileRef = A25DA61F2AA4835B00FE230D /* Assets.xcassets */; };
		A25DA6232AA4835B00FE230D /* LaunchScreen.storyboard in Resources */ = {isa = PBXBuildFile; fileRef = A25DA6212AA4835B00FE230D /* LaunchScreen.storyboard */; };
		A25DA62F2AA48DEC00FE230D /* Crypto.swift in Sources */ = {isa = PBXBuildFile; fileRef = A25DA62E2AA48DEC00FE230D /* Crypto.swift */; };
		A25DA6312AA48FEE00FE230D /* webService.swift in Sources */ = {isa = PBXBuildFile; fileRef = A25DA6302AA48FEE00FE230D /* webService.swift */; };
		A25DA6332AA49B1900FE230D /* cryptoViewModel.swift in Sources */ = {isa = PBXBuildFile; fileRef = A25DA6322AA49B1800FE230D /* cryptoViewModel.swift */; };
		A25DA6412AA4B58F00FE230D /* RxCocoa in Frameworks */ = {isa = PBXBuildFile; productRef = A25DA6402AA4B58F00FE230D /* RxCocoa */; };
		A25DA6492AA4B58F00FE230D /* RxSwift in Frameworks */ = {isa = PBXBuildFile; productRef = A25DA6482AA4B58F00FE230D /* RxSwift */; };
/* End PBXBuildFile section */

/* Begin PBXFileReference section */
		A25DA6132AA4835800FE230D /* CryptoCrazy.app */ = {isa = PBXFileReference; explicitFileType = wrapper.application; includeInIndex = 0; path = CryptoCrazy.app; sourceTree = BUILT_PRODUCTS_DIR; };
		A25DA6162AA4835800FE230D /* AppDelegate.swift */ = {isa = PBXFileReference; lastKnownFileType = sourcecode.swift; path = AppDelegate.swift; sourceTree = "<group>"; };
		A25DA6182AA4835800FE230D /* SceneDelegate.swift */ = {isa = PBXFileReference; lastKnownFileType = sourcecode.swift; path = SceneDelegate.swift; sourceTree = "<group>"; };
		A25DA61A2AA4835800FE230D /* ViewController.swift */ = {isa = PBXFileReference; lastKnownFileType = sourcecode.swift; path = ViewController.swift; sourceTree = "<group>"; };
		A25DA61D2AA4835800FE230D /* Base */ = {isa = PBXFileReference; lastKnownFileType = file.storyboard; name = Base; path = Base.lproj/Main.storyboard; sourceTree = "<group>"; };
		A25DA61F2AA4835B00FE230D /* Assets.xcassets */ = {isa = PBXFileReference; lastKnownFileType = folder.assetcatalog; path = Assets.xcassets; sourceTree = "<group>"; };
		A25DA6222AA4835B00FE230D /* Base */ = {isa = PBXFileReference; lastKnownFileType = file.storyboard; name = Base; path = Base.lproj/LaunchScreen.storyboard; sourceTree = "<group>"; };
		A25DA6242AA4835B00FE230D /* Info.plist */ = {isa = PBXFileReference; lastKnownFileType = text.plist.xml; path = Info.plist; sourceTree = "<group>"; };
		A25DA62E2AA48DEC00FE230D /* Crypto.swift */ = {isa = PBXFileReference; lastKnownFileType = sourcecode.swift; path = Crypto.swift; sourceTree = "<group>"; };
		A25DA6302AA48FEE00FE230D /* webService.swift */ = {isa = PBXFileReference; lastKnownFileType = sourcecode.swift; path = webService.swift; sourceTree = "<group>"; };
		A25DA6322AA49B1800FE230D /* cryptoViewModel.swift */ = {isa = PBXFileReference; lastKnownFileType = sourcecode.swift; path = cryptoViewModel.swift; sourceTree = "<group>"; };
/* End PBXFileReference section */

/* Begin PBXFrameworksBuildPhase section */
		A25DA6102AA4835800FE230D /* Frameworks */ = {
			isa = PBXFrameworksBuildPhase;
			buildActionMask = 2147483647;
			files = (
				A25DA6412AA4B58F00FE230D /* RxCocoa in Frameworks */,
				A25DA6492AA4B58F00FE230D /* RxSwift in Frameworks */,
			);
			runOnlyForDeploymentPostprocessing = 0;
		};
/* End PBXFrameworksBuildPhase section */

/* Begin PBXGroup section */
		A25DA60A2AA4835800FE230D = {
			isa = PBXGroup;
			children = (
				A25DA6152AA4835800FE230D /* CryptoCrazy */,
				A25DA6142AA4835800FE230D /* Products */,
			);
			sourceTree = "<group>";
		};
		A25DA6142AA4835800FE230D /* Products */ = {
			isa = PBXGroup;
			children = (
				A25DA6132AA4835800FE230D /* CryptoCrazy.app */,
			);
			name = Products;
			sourceTree = "<group>";
		};
		A25DA6152AA4835800FE230D /* CryptoCrazy */ = {
			isa = PBXGroup;
			children = (
				A25DA62B2AA48B3400FE230D /* service */,
				A25DA62A2AA48B2A00FE230D /* model */,
				A25DA62D2AA48B4A00FE230D /* viewModel */,
				A25DA62C2AA48B4000FE230D /* view */,
				A25DA61C2AA4835800FE230D /* Main.storyboard */,
				A25DA61F2AA4835B00FE230D /* Assets.xcassets */,
				A25DA6212AA4835B00FE230D /* LaunchScreen.storyboard */,
				A25DA6242AA4835B00FE230D /* Info.plist */,
			);
			path = CryptoCrazy;
			sourceTree = "<group>";
		};
		A25DA62A2AA48B2A00FE230D /* model */ = {
			isa = PBXGroup;
			children = (
				A25DA62E2AA48DEC00FE230D /* Crypto.swift */,
			);
			path = model;
			sourceTree = "<group>";
		};
		A25DA62B2AA48B3400FE230D /* service */ = {
			isa = PBXGroup;
			children = (
				A25DA6302AA48FEE00FE230D /* webService.swift */,
			);
			path = service;
			sourceTree = "<group>";
		};
		A25DA62C2AA48B4000FE230D /* view */ = {
			isa = PBXGroup;
			children = (
				A25DA6162AA4835800FE230D /* AppDelegate.swift */,
				A25DA6182AA4835800FE230D /* SceneDelegate.swift */,
				A25DA61A2AA4835800FE230D /* ViewController.swift */,
			);
			path = view;
			sourceTree = "<group>";
		};
		A25DA62D2AA48B4A00FE230D /* viewModel */ = {
			isa = PBXGroup;
			children = (
				A25DA6322AA49B1800FE230D /* cryptoViewModel.swift */,
			);
			path = viewModel;
			sourceTree = "<group>";
		};
/* End PBXGroup section */

/* Begin PBXNativeTarget section */
		A25DA6122AA4835800FE230D /* CryptoCrazy */ = {
			isa = PBXNativeTarget;
			buildConfigurationList = A25DA6272AA4835B00FE230D /* Build configuration list for PBXNativeTarget "CryptoCrazy" */;
			buildPhases = (
				A25DA60F2AA4835800FE230D /* Sources */,
				A25DA6102AA4835800FE230D /* Frameworks */,
				A25DA6112AA4835800FE230D /* Resources */,
			);
			buildRules = (
			);
			dependencies = (
			);
			name = CryptoCrazy;
			packageProductDependencies = (
				A25DA6402AA4B58F00FE230D /* RxCocoa */,
				A25DA6482AA4B58F00FE230D /* RxSwift */,
			);
			productName = CryptoCrazy;
			productReference = A25DA6132AA4835800FE230D /* CryptoCrazy.app */;
			productType = "com.apple.product-type.application";
		};
/* End PBXNativeTarget section */

/* Begin PBXProject section */
		A25DA60B2AA4835800FE230D /* Project object */ = {
			isa = PBXProject;
			attributes = {
				BuildIndependentTargetsInParallel = 1;
				LastSwiftUpdateCheck = 1430;
				LastUpgradeCheck = 1430;
				TargetAttributes = {
					A25DA6122AA4835800FE230D = {
						CreatedOnToolsVersion = 14.3.1;
					};
				};
			};
			buildConfigurationList = A25DA60E2AA4835800FE230D /* Build configuration list for PBXProject "CryptoCrazy" */;
			compatibilityVersion = "Xcode 14.0";
			developmentRegion = en;
			hasScannedForEncodings = 0;
			knownRegions = (
				en,
				Base,
			);
			mainGroup = A25DA60A2AA4835800FE230D;
			packageReferences = (
				A25DA63B2AA4B58E00FE230D /* XCRemoteSwiftPackageReference "RxSwift" */,
			);
			productRefGroup = A25DA6142AA4835800FE230D /* Products */;
			projectDirPath = "";
			projectRoot = "";
			targets = (
				A25DA6122AA4835800FE230D /* CryptoCrazy */,
			);
		};
/* End PBXProject section */

/* Begin PBXResourcesBuildPhase section */
		A25DA6112AA4835800FE230D /* Resources */ = {
			isa = PBXResourcesBuildPhase;
			buildActionMask = 2147483647;
			files = (
				A25DA6232AA4835B00FE230D /* LaunchScreen.storyboard in Resources */,
				A25DA6202AA4835B00FE230D /* Assets.xcassets in Resources */,
				A25DA61E2AA4835800FE230D /* Main.storyboard in Resources */,
			);
			runOnlyForDeploymentPostprocessing = 0;
		};
/* End PBXResourcesBuildPhase section */

/* Begin PBXSourcesBuildPhase section */
		A25DA60F2AA4835800FE230D /* Sources */ = {
			isa = PBXSourcesBuildPhase;
			buildActionMask = 2147483647;
			files = (
				A25DA62F2AA48DEC00FE230D /* Crypto.swift in Sources */,
				A25DA6332AA49B1900FE230D /* cryptoViewModel.swift in Sources */,
				A25DA61B2AA4835800FE230D /* ViewController.swift in Sources */,
				A25DA6172AA4835800FE230D /* AppDelegate.swift in Sources */,
				A25DA6192AA4835800FE230D /* SceneDelegate.swift in Sources */,
				A25DA6312AA48FEE00FE230D /* webService.swift in Sources */,
			);
			runOnlyForDeploymentPostprocessing = 0;
		};
/* End PBXSourcesBuildPhase section */

/* Begin PBXVariantGroup section */
		A25DA61C2AA4835800FE230D /* Main.storyboard */ = {
			isa = PBXVariantGroup;
			children = (
				A25DA61D2AA4835800FE230D /* Base */,
			);
			name = Main.storyboard;
			sourceTree = "<group>";
		};
		A25DA6212AA4835B00FE230D /* LaunchScreen.storyboard */ = {
			isa = PBXVariantGroup;
			children = (
				A25DA6222AA4835B00FE230D /* Base */,
			);
			name = LaunchScreen.storyboard;
			sourceTree = "<group>";
		};
/* End PBXVariantGroup section */

/* Begin XCBuildConfiguration section */
		A25DA6252AA4835B00FE230D /* Debug */ = {
			isa = XCBuildConfiguration;
			buildSettings = {
				ALWAYS_SEARCH_USER_PATHS = NO;
				CLANG_ANALYZER_NONNULL = YES;
				CLANG_ANALYZER_NUMBER_OBJECT_CONVERSION = YES_AGGRESSIVE;
				CLANG_CXX_LANGUAGE_STANDARD = "gnu++20";
				CLANG_ENABLE_MODULES = YES;
				CLANG_ENABLE_OBJC_ARC = YES;
				CLANG_ENABLE_OBJC_WEAK = YES;
				CLANG_WARN_BLOCK_CAPTURE_AUTORELEASING = YES;
				CLANG_WARN_BOOL_CONVERSION = YES;
				CLANG_WARN_COMMA = YES;
				CLANG_WARN_CONSTANT_CONVERSION = YES;
				CLANG_WARN_DEPRECATED_OBJC_IMPLEMENTATIONS = YES;
				CLANG_WARN_DIRECT_OBJC_ISA_USAGE = YES_ERROR;
				CLANG_WARN_DOCUMENTATION_COMMENTS = YES;
				CLANG_WARN_EMPTY_BODY = YES;
				CLANG_WARN_ENUM_CONVERSION = YES;
				CLANG_WARN_INFINITE_RECURSION = YES;
				CLANG_WARN_INT_CONVERSION = YES;
				CLANG_WARN_NON_LITERAL_NULL_CONVERSION = YES;
				CLANG_WARN_OBJC_IMPLICIT_RETAIN_SELF = YES;
				CLANG_WARN_OBJC_LITERAL_CONVERSION = YES;
				CLANG_WARN_OBJC_ROOT_CLASS = YES_ERROR;
				CLANG_WARN_QUOTED_INCLUDE_IN_FRAMEWORK_HEADER = YES;
				CLANG_WARN_RANGE_LOOP_ANALYSIS = YES;
				CLANG_WARN_STRICT_PROTOTYPES = YES;
				CLANG_WARN_SUSPICIOUS_MOVE = YES;
				CLANG_WARN_UNGUARDED_AVAILABILITY = YES_AGGRESSIVE;
				CLANG_WARN_UNREACHABLE_CODE = YES;
				CLANG_WARN__DUPLICATE_METHOD_MATCH = YES;
				COPY_PHASE_STRIP = NO;
				DEBUG_INFORMATION_FORMAT = dwarf;
				ENABLE_STRICT_OBJC_MSGSEND = YES;
				ENABLE_TESTABILITY = YES;
				GCC_C_LANGUAGE_STANDARD = gnu11;
				GCC_DYNAMIC_NO_PIC = NO;
				GCC_NO_COMMON_BLOCKS = YES;
				GCC_OPTIMIZATION_LEVEL = 0;
				GCC_PREPROCESSOR_DEFINITIONS = (
					"DEBUG=1",
					"$(inherited)",
				);
				GCC_WARN_64_TO_32_BIT_CONVERSION = YES;
				GCC_WARN_ABOUT_RETURN_TYPE = YES_ERROR;
				GCC_WARN_UNDECLARED_SELECTOR = YES;
				GCC_WARN_UNINITIALIZED_AUTOS = YES_AGGRESSIVE;
				GCC_WARN_UNUSED_FUNCTION = YES;
				GCC_WARN_UNUSED_VARIABLE = YES;
				IPHONEOS_DEPLOYMENT_TARGET = 16.4;
				MTL_ENABLE_DEBUG_INFO = INCLUDE_SOURCE;
				MTL_FAST_MATH = YES;
				ONLY_ACTIVE_ARCH = YES;
				SDKROOT = iphoneos;
				SWIFT_ACTIVE_COMPILATION_CONDITIONS = DEBUG;
				SWIFT_OPTIMIZATION_LEVEL = "-Onone";
			};
			name = Debug;
		};
		A25DA6262AA4835B00FE230D /* Release */ = {
			isa = XCBuildConfiguration;
			buildSettings = {
				ALWAYS_SEARCH_USER_PATHS = NO;
				CLANG_ANALYZER_NONNULL = YES;
				CLANG_ANALYZER_NUMBER_OBJECT_CONVERSION = YES_AGGRESSIVE;
				CLANG_CXX_LANGUAGE_STANDARD = "gnu++20";
				CLANG_ENABLE_MODULES = YES;
				CLANG_ENABLE_OBJC_ARC = YES;
				CLANG_ENABLE_OBJC_WEAK = YES;
				CLANG_WARN_BLOCK_CAPTURE_AUTORELEASING = YES;
				CLANG_WARN_BOOL_CONVERSION = YES;
				CLANG_WARN_COMMA = YES;
				CLANG_WARN_CONSTANT_CONVERSION = YES;
				CLANG_WARN_DEPRECATED_OBJC_IMPLEMENTATIONS = YES;
				CLANG_WARN_DIRECT_OBJC_ISA_USAGE = YES_ERROR;
				CLANG_WARN_DOCUMENTATION_COMMENTS = YES;
				CLANG_WARN_EMPTY_BODY = YES;
				CLANG_WARN_ENUM_CONVERSION = YES;
				CLANG_WARN_INFINITE_RECURSION = YES;
				CLANG_WARN_INT_CONVERSION = YES;
				CLANG_WARN_NON_LITERAL_NULL_CONVERSION = YES;
				CLANG_WARN_OBJC_IMPLICIT_RETAIN_SELF = YES;
				CLANG_WARN_OBJC_LITERAL_CONVERSION = YES;
				CLANG_WARN_OBJC_ROOT_CLASS = YES_ERROR;
				CLANG_WARN_QUOTED_INCLUDE_IN_FRAMEWORK_HEADER = YES;
				CLANG_WARN_RANGE_LOOP_ANALYSIS = YES;
				CLANG_WARN_STRICT_PROTOTYPES = YES;
				CLANG_WARN_SUSPICIOUS_MOVE = YES;
				CLANG_WARN_UNGUARDED_AVAILABILITY = YES_AGGRESSIVE;
				CLANG_WARN_UNREACHABLE_CODE = YES;
				CLANG_WARN__DUPLICATE_METHOD_MATCH = YES;
				COPY_PHASE_STRIP = NO;
				DEBUG_INFORMATION_FORMAT = "dwarf-with-dsym";
				ENABLE_NS_ASSERTIONS = NO;
				ENABLE_STRICT_OBJC_MSGSEND = YES;
				GCC_C_LANGUAGE_STANDARD = gnu11;
				GCC_NO_COMMON_BLOCKS = YES;
				GCC_WARN_64_TO_32_BIT_CONVERSION = YES;
				GCC_WARN_ABOUT_RETURN_TYPE = YES_ERROR;
				GCC_WARN_UNDECLARED_SELECTOR = YES;
				GCC_WARN_UNINITIALIZED_AUTOS = YES_AGGRESSIVE;
				GCC_WARN_UNUSED_FUNCTION = YES;
				GCC_WARN_UNUSED_VARIABLE = YES;
				IPHONEOS_DEPLOYMENT_TARGET = 16.4;
				MTL_ENABLE_DEBUG_INFO = NO;
				MTL_FAST_MATH = YES;
				SDKROOT = iphoneos;
				SWIFT_COMPILATION_MODE = wholemodule;
				SWIFT_OPTIMIZATION_LEVEL = "-O";
				VALIDATE_PRODUCT = YES;
			};
			name = Release;
		};
		A25DA6282AA4835B00FE230D /* Debug */ = {
			isa = XCBuildConfiguration;
			buildSettings = {
				ASSETCATALOG_COMPILER_APPICON_NAME = AppIcon;
				ASSETCATALOG_COMPILER_GLOBAL_ACCENT_COLOR_NAME = AccentColor;
				CODE_SIGN_STYLE = Automatic;
				CURRENT_PROJECT_VERSION = 1;
				GENERATE_INFOPLIST_FILE = YES;
				INFOPLIST_FILE = CryptoCrazy/Info.plist;
				INFOPLIST_KEY_UIApplicationSupportsIndirectInputEvents = YES;
				INFOPLIST_KEY_UILaunchStoryboardName = LaunchScreen;
				INFOPLIST_KEY_UIMainStoryboardFile = Main;
				INFOPLIST_KEY_UISupportedInterfaceOrientations_iPad = "UIInterfaceOrientationPortrait UIInterfaceOrientationPortraitUpsideDown UIInterfaceOrientationLandscapeLeft UIInterfaceOrientationLandscapeRight";
				INFOPLIST_KEY_UISupportedInterfaceOrientations_iPhone = "UIInterfaceOrientationPortrait UIInterfaceOrientationLandscapeLeft UIInterfaceOrientationLandscapeRight";
				LD_RUNPATH_SEARCH_PATHS = (
					"$(inherited)",
					"@executable_path/Frameworks",
				);
				MARKETING_VERSION = 1.0;
				PRODUCT_BUNDLE_IDENTIFIER = deneme.CryptoCrazy;
				PRODUCT_NAME = "$(TARGET_NAME)";
				SWIFT_EMIT_LOC_STRINGS = YES;
				SWIFT_VERSION = 5.0;
				TARGETED_DEVICE_FAMILY = "1,2";
			};
			name = Debug;
		};
		A25DA6292AA4835B00FE230D /* Release */ = {
			isa = XCBuildConfiguration;
			buildSettings = {
				ASSETCATALOG_COMPILER_APPICON_NAME = AppIcon;
				ASSETCATALOG_COMPILER_GLOBAL_ACCENT_COLOR_NAME = AccentColor;
				CODE_SIGN_STYLE = Automatic;
				CURRENT_PROJECT_VERSION = 1;
				GENERATE_INFOPLIST_FILE = YES;
				INFOPLIST_FILE = CryptoCrazy/Info.plist;
				INFOPLIST_KEY_UIApplicationSupportsIndirectInputEvents = YES;
				INFOPLIST_KEY_UILaunchStoryboardName = LaunchScreen;
				INFOPLIST_KEY_UIMainStoryboardFile = Main;
				INFOPLIST_KEY_UISupportedInterfaceOrientations_iPad = "UIInterfaceOrientationPortrait UIInterfaceOrientationPortraitUpsideDown UIInterfaceOrientationLandscapeLeft UIInterfaceOrientationLandscapeRight";
				INFOPLIST_KEY_UISupportedInterfaceOrientations_iPhone = "UIInterfaceOrientationPortrait UIInterfaceOrientationLandscapeLeft UIInterfaceOrientationLandscapeRight";
				LD_RUNPATH_SEARCH_PATHS = (
					"$(inherited)",
					"@executable_path/Frameworks",
				);
				MARKETING_VERSION = 1.0;
				PRODUCT_BUNDLE_IDENTIFIER = deneme.CryptoCrazy;
				PRODUCT_NAME = "$(TARGET_NAME)";
				SWIFT_EMIT_LOC_STRINGS = YES;
				SWIFT_VERSION = 5.0;
				TARGETED_DEVICE_FAMILY = "1,2";
			};
			name = Release;
		};
/* End XCBuildConfiguration section */

/* Begin XCConfigurationList section */
		A25DA60E2AA4835800FE230D /* Build configuration list for PBXProject "CryptoCrazy" */ = {
			isa = XCConfigurationList;
			buildConfigurations = (
				A25DA6252AA4835B00FE230D /* Debug */,
				A25DA6262AA4835B00FE230D /* Release */,
			);
			defaultConfigurationIsVisible = 0;
			defaultConfigurationName = Release;
		};
		A25DA6272AA4835B00FE230D /* Build configuration list for PBXNativeTarget "CryptoCrazy" */ = {
			isa = XCConfigurationList;
			buildConfigurations = (
				A25DA6282AA4835B00FE230D /* Debug */,
				A25DA6292AA4835B00FE230D /* Release */,
			);
			defaultConfigurationIsVisible = 0;
			defaultConfigurationName = Release;
		};
/* End XCConfigurationList section */

/* Begin XCRemoteSwiftPackageReference section */
		A25DA63B2AA4B58E00FE230D /* XCRemoteSwiftPackageReference "RxSwift" */ = {
			isa = XCRemoteSwiftPackageReference;
			repositoryURL = "https://github.com/ReactiveX/RxSwift.git";
			requirement = {
				kind = upToNextMajorVersion;
				minimumVersion = 6.0.0;
			};
		};
/* End XCRemoteSwiftPackageReference section */

/* Begin XCSwiftPackageProductDependency section */
		A25DA6402AA4B58F00FE230D /* RxCocoa */ = {
			isa = XCSwiftPackageProductDependency;
			package = A25DA63B2AA4B58E00FE230D /* XCRemoteSwiftPackageReference "RxSwift" */;
			productName = RxCocoa;
		};
		A25DA6482AA4B58F00FE230D /* RxSwift */ = {
			isa = XCSwiftPackageProductDependency;
			package = A25DA63B2AA4B58E00FE230D /* XCRemoteSwiftPackageReference "RxSwift" */;
			productName = RxSwift;
		};
/* End XCSwiftPackageProductDependency section */
	};
	rootObject = A25DA60B2AA4835800FE230D /* Project object */;
}
